<?xml version="1.0" encoding="utf-8"?>
<Project ToolsVersion="4.0" xmlns="http://schemas.microsoft.com/developer/msbuild/2003">
  <ItemGroup>
    <Filter Include="Source Files">
      <UniqueIdentifier>{4FC737F1-C7A5-4376-A066-2A32D752A2FF}</UniqueIdentifier>
      <Extensions>cpp;c;cc;cxx;def;odl;idl;hpj;bat;asm;asmx</Extensions>
    </Filter>
    <Filter Include="Header Files">
      <UniqueIdentifier>{93995380-89BD-4b04-88EB-625FBE52EBFB}</UniqueIdentifier>
      <Extensions>h;hh;hpp;hxx;hm;inl;inc;ipp;xsd</Extensions>
    </Filter>
    <Filter Include="Resource Files">
      <UniqueIdentifier>{67DA6AB6-F800-4c08-8B7A-83BB121AAD01}</UniqueIdentifier>
      <Extensions>rc;ico;cur;bmp;dlg;rc2;rct;bin;rgs;gif;jpg;jpeg;jpe;resx;tiff;tif;png;wav;mfcribbon-ms</Extensions>
    </Filter>
    <Filter Include="Source Files\Shaders">
      <UniqueIdentifier>{0a144ac7-ed31-4d39-89d3-45ee5df5283d}</UniqueIdentifier>
    </Filter>
    <Filter Include="Header Files\Shaders">
      <UniqueIdentifier>{a617ee16-2187-4881-adeb-b9c4058e9f68}</UniqueIdentifier>
    </Filter>
    <Filter Include="Header Files\Geometry">
      <UniqueIdentifier>{9184d584-22f5-4933-a46a-3fbec264f3af}</UniqueIdentifier>
    </Filter>
    <Filter Include="Source Files\Geometry">
      <UniqueIdentifier>{1d6f7eb0-07e3-4430-bfe6-d5109a51794c}</UniqueIdentifier>
    </Filter>
    <Filter Include="Header Files\Imports">
      <UniqueIdentifier>{fe942c4c-90dc-4cae-815d-b2a6e41503c8}</UniqueIdentifier>
    </Filter>
    <Filter Include="Source Files\Imports">
      <UniqueIdentifier>{d76a2244-b7cc-4aea-b7bf-39f5240e6600}</UniqueIdentifier>
    </Filter>
    <Filter Include="Source Files\Models">
      <UniqueIdentifier>{0b515f1d-a7c8-400e-a18d-ef913b116731}</UniqueIdentifier>
    </Filter>
    <Filter Include="Header Files\Models">
      <UniqueIdentifier>{b7d0de53-18bd-4bff-bee5-1f6758ea8f02}</UniqueIdentifier>
    </Filter>
    <Filter Include="Header Files\Game">
      <UniqueIdentifier>{1e95879c-c335-4c0f-ade0-0d401c793b34}</UniqueIdentifier>
    </Filter>
    <Filter Include="Source Files\Game">
      <UniqueIdentifier>{072bc441-030b-4444-a245-fe6ed3016993}</UniqueIdentifier>
    </Filter>
    <Filter Include="Source Files\Models\Bases">
      <UniqueIdentifier>{2ab3034e-b0c0-4c96-aa6d-c3f3d7fdaae1}</UniqueIdentifier>
    </Filter>
    <Filter Include="Header Files\Models\Bases">
      <UniqueIdentifier>{eb1d20f9-a39a-4ed3-b909-34f3426ed121}</UniqueIdentifier>
    </Filter>
    <Filter Include="Header Files\Lights">
      <UniqueIdentifier>{5d310fe3-7451-4e5b-a321-60d70835ffd5}</UniqueIdentifier>
    </Filter>
    <Filter Include="Source Files\Lights">
      <UniqueIdentifier>{36017e22-082b-4a80-847b-254c3486c3fa}</UniqueIdentifier>
    </Filter>
    <Filter Include="Header Files\Imports\imgui">
      <UniqueIdentifier>{7a935243-1675-431b-b358-7efc194bb4c5}</UniqueIdentifier>
    </Filter>
    <Filter Include="Source Files\Imports\imgui">
      <UniqueIdentifier>{3a2c478d-51ee-4a74-ba9b-ea7ea3bf8a1a}</UniqueIdentifier>
    </Filter>
  </ItemGroup>
  <ItemGroup>
    <ClCompile Include="main.cpp">
      <Filter>Source Files</Filter>
    </ClCompile>
    <ClCompile Include="ShaderManager.cpp">
      <Filter>Source Files\Shaders</Filter>
    </ClCompile>
    <ClCompile Include="Primitives.cpp">
      <Filter>Source Files\Geometry</Filter>
    </ClCompile>
    <ClCompile Include="OBJMesh.cpp">
      <Filter>Source Files\Geometry</Filter>
    </ClCompile>
    <ClCompile Include="Mesh.cpp">
      <Filter>Source Files\Geometry</Filter>
    </ClCompile>
    <ClCompile Include="ShaderProgram.cpp">
      <Filter>Source Files\Shaders</Filter>
    </ClCompile>
    <ClCompile Include="..\Dependencies\glcore\gl_core_4_5.c">
      <Filter>Source Files\Imports</Filter>
    </ClCompile>
    <ClCompile Include="ShaderFade.cpp">
      <Filter>Source Files\Shaders</Filter>
    </ClCompile>
    <ClCompile Include="Image.cpp">
      <Filter>Source Files\Game</Filter>
    </ClCompile>
    <ClCompile Include="Application.cpp">
      <Filter>Source Files\Game</Filter>
    </ClCompile>
    <ClCompile Include="Camera.cpp">
      <Filter>Source Files\Game</Filter>
    </ClCompile>
    <ClCompile Include="Game.cpp">
      <Filter>Source Files\Game</Filter>
    </ClCompile>
    <ClCompile Include="GameManager.cpp">
      <Filter>Source Files\Game</Filter>
    </ClCompile>
    <ClCompile Include="TexturedModel.cpp">
      <Filter>Source Files\Models\Bases</Filter>
    </ClCompile>
    <ClCompile Include="Model.cpp">
      <Filter>Source Files\Models\Bases</Filter>
    </ClCompile>
    <ClCompile Include="RawModel.cpp">
      <Filter>Source Files\Models\Bases</Filter>
    </ClCompile>
    <ClCompile Include="IvysaurModel.cpp">
      <Filter>Source Files\Models</Filter>
    </ClCompile>
    <ClCompile Include="EarthModel.cpp">
      <Filter>Source Files\Models</Filter>
    </ClCompile>
    <ClCompile Include="DirectionalLight.cpp">
      <Filter>Source Files\Lights</Filter>
    </ClCompile>
    <ClCompile Include="PointLight.cpp">
      <Filter>Source Files\Lights</Filter>
    </ClCompile>
    <ClCompile Include="ModelLight.cpp">
      <Filter>Source Files\Lights</Filter>
    </ClCompile>
    <ClCompile Include="ShieldModel.cpp">
      <Filter>Source Files\Models</Filter>
    </ClCompile>
    <ClCompile Include="SwordModel.cpp">
      <Filter>Source Files\Models</Filter>
    </ClCompile>
    <ClCompile Include="imgui.cpp">
      <Filter>Source Files\Imports\imgui</Filter>
    </ClCompile>
    <ClCompile Include="imgui_demo.cpp">
      <Filter>Source Files\Imports\imgui</Filter>
    </ClCompile>
    <ClCompile Include="imgui_draw.cpp">
      <Filter>Source Files\Imports\imgui</Filter>
    </ClCompile>
    <ClCompile Include="imgui_impl_glfw.cpp">
      <Filter>Source Files\Imports\imgui</Filter>
    </ClCompile>
    <ClCompile Include="imgui_widgets.cpp">
      <Filter>Source Files\Imports\imgui</Filter>
    </ClCompile>
    <ClCompile Include="imgui_impl_opengl3.cpp">
      <Filter>Source Files\Imports\imgui</Filter>
    </ClCompile>
    <ClCompile Include="GameObject.cpp">
      <Filter>Source Files\Game</Filter>
    </ClCompile>
  </ItemGroup>
  <ItemGroup>
    <ClInclude Include="ShaderManager.h">
      <Filter>Header Files\Shaders</Filter>
    </ClInclude>
    <ClInclude Include="Primitives.h">
      <Filter>Header Files\Geometry</Filter>
    </ClInclude>
    <ClInclude Include="OBJMesh.h">
      <Filter>Header Files\Geometry</Filter>
    </ClInclude>
    <ClInclude Include="Mesh.h">
      <Filter>Header Files\Geometry</Filter>
    </ClInclude>
    <ClInclude Include="ShaderProgram.h">
      <Filter>Header Files\Shaders</Filter>
    </ClInclude>
    <ClInclude Include="stb_image.h">
      <Filter>Header Files\Imports</Filter>
    </ClInclude>
    <ClInclude Include="PerlinNoise.hpp">
      <Filter>Header Files\Geometry</Filter>
    </ClInclude>
    <ClInclude Include="ShaderFade.h">
      <Filter>Header Files\Shaders</Filter>
    </ClInclude>
    <ClInclude Include="Image.h">
      <Filter>Header Files\Game</Filter>
    </ClInclude>
    <ClInclude Include="GameManager.h">
      <Filter>Header Files\Game</Filter>
    </ClInclude>
    <ClInclude Include="Game.h">
      <Filter>Header Files\Game</Filter>
    </ClInclude>
    <ClInclude Include="Camera.h">
      <Filter>Header Files\Game</Filter>
    </ClInclude>
    <ClInclude Include="Application.h">
      <Filter>Header Files\Game</Filter>
    </ClInclude>
    <ClInclude Include="tiny_obj_loader.h">
      <Filter>Header Files\Imports</Filter>
    </ClInclude>
    <ClInclude Include="TexturedModel.h">
      <Filter>Header Files\Models\Bases</Filter>
    </ClInclude>
    <ClInclude Include="Model.h">
      <Filter>Header Files\Models\Bases</Filter>
    </ClInclude>
    <ClInclude Include="RawModel.h">
      <Filter>Header Files\Models\Bases</Filter>
    </ClInclude>
    <ClInclude Include="IvysaurModel.h">
      <Filter>Header Files\Models</Filter>
    </ClInclude>
    <ClInclude Include="EarthModel.h">
      <Filter>Header Files\Models</Filter>
    </ClInclude>
    <ClInclude Include="DirectionalLight.h">
      <Filter>Header Files\Lights</Filter>
    </ClInclude>
    <ClInclude Include="PointLight.h">
      <Filter>Header Files\Lights</Filter>
    </ClInclude>
    <ClInclude Include="ModelLight.h">
      <Filter>Header Files\Lights</Filter>
    </ClInclude>
    <ClInclude Include="ShieldModel.h">
      <Filter>Header Files\Models</Filter>
    </ClInclude>
    <ClInclude Include="SwordModel.h">
      <Filter>Header Files\Models</Filter>
    </ClInclude>
    <ClInclude Include="imconfig.h">
      <Filter>Header Files\Imports\imgui</Filter>
    </ClInclude>
    <ClInclude Include="imgui.h">
      <Filter>Header Files\Imports\imgui</Filter>
    </ClInclude>
    <ClInclude Include="imgui_impl_glfw.h">
      <Filter>Header Files\Imports\imgui</Filter>
    </ClInclude>
    <ClInclude Include="imgui_internal.h">
      <Filter>Header Files\Imports\imgui</Filter>
    </ClInclude>
    <ClInclude Include="imstb_rectpack.h">
      <Filter>Header Files\Imports\imgui</Filter>
    </ClInclude>
    <ClInclude Include="imstb_textedit.h">
      <Filter>Header Files\Imports\imgui</Filter>
    </ClInclude>
    <ClInclude Include="imstb_truetype.h">
      <Filter>Header Files\Imports\imgui</Filter>
    </ClInclude>
    <ClInclude Include="imgui_impl_opengl3.h">
      <Filter>Header Files\Imports\imgui</Filter>
    </ClInclude>
    <ClInclude Include="GameObject.h">
      <Filter>Header Files\Game</Filter>
    </ClInclude>
  </ItemGroup>
</Project>